// !$*UTF8*$!
{
	archiveVersion = 1;
	classes = {
	};
	objectVersion = 77;
	objects = {

/* Begin PBXBuildFile section */
		182E99642CD8E5BF005B7AF9 /* OOGMediaPlayer.framework in Frameworks */ = {isa = PBXBuildFile; fileRef = 182E99622CD8E5A4005B7AF9 /* OOGMediaPlayer.framework */; };
		182E99652CD8E5C0005B7AF9 /* OOGMediaPlayer.framework in Embed Frameworks */ = {isa = PBXBuildFile; fileRef = 182E99622CD8E5A4005B7AF9 /* OOGMediaPlayer.framework */; settings = {ATTRIBUTES = (CodeSignOnCopy, RemoveHeadersOnCopy, ); }; };
		18CAF4292CD36C1600DF5A93 /* Lottie in Frameworks */ = {isa = PBXBuildFile; productRef = 18CAF4282CD36C1600DF5A93 /* Lottie */; };
		18D74D6D2CD9B99200940448 /* SnapKit in Frameworks */ = {isa = PBXBuildFile; productRef = 18601E632CD0E9BE003BE37D /* SnapKit */; };
		18D74DB02CD9BCE600940448 /* MBProgressHUD in Frameworks */ = {isa = PBXBuildFile; productRef = 18D74DAF2CD9BCE600940448 /* MBProgressHUD */; };
		18D74DB62CD9C14800940448 /* SDWebImage in Frameworks */ = {isa = PBXBuildFile; productRef = 18D74DB52CD9C14800940448 /* SDWebImage */; };
		18D74DB82CD9C14800940448 /* SDWebImageMapKit in Frameworks */ = {isa = PBXBuildFile; productRef = 18D74DB72CD9C14800940448 /* SDWebImageMapKit */; };
		18D74EDE2CDC906100940448 /* AVFAudio.framework in Frameworks */ = {isa = PBXBuildFile; fileRef = 18D74EDD2CDC906100940448 /* AVFAudio.framework */; };
		18D74EE02CDC906800940448 /* AVFoundation.framework in Frameworks */ = {isa = PBXBuildFile; fileRef = 18D74EDF2CDC906800940448 /* AVFoundation.framework */; };
/* End PBXBuildFile section */

/* Begin PBXCopyFilesBuildPhase section */
		182E99662CD8E5C0005B7AF9 /* Embed Frameworks */ = {
			isa = PBXCopyFilesBuildPhase;
			buildActionMask = 2147483647;
			dstPath = "";
			dstSubfolderSpec = 10;
			files = (
				182E99652CD8E5C0005B7AF9 /* OOGMediaPlayer.framework in Embed Frameworks */,
			);
			name = "Embed Frameworks";
			runOnlyForDeploymentPostprocessing = 0;
		};
/* End PBXCopyFilesBuildPhase section */

/* Begin PBXFileReference section */
		182E99622CD8E5A4005B7AF9 /* OOGMediaPlayer.framework */ = {isa = PBXFileReference; explicitFileType = wrapper.framework; path = OOGMediaPlayer.framework; sourceTree = BUILT_PRODUCTS_DIR; };
		1830148A2CC8AF270014469C /* iOS Sample.app */ = {isa = PBXFileReference; explicitFileType = wrapper.application; includeInIndex = 0; path = "iOS Sample.app"; sourceTree = BUILT_PRODUCTS_DIR; };
		18D74EDD2CDC906100940448 /* AVFAudio.framework */ = {isa = PBXFileReference; lastKnownFileType = wrapper.framework; name = AVFAudio.framework; path = System/Library/Frameworks/AVFAudio.framework; sourceTree = SDKROOT; };
		18D74EDF2CDC906800940448 /* AVFoundation.framework */ = {isa = PBXFileReference; lastKnownFileType = wrapper.framework; name = AVFoundation.framework; path = System/Library/Frameworks/AVFoundation.framework; sourceTree = SDKROOT; };
/* End PBXFileReference section */

/* Begin PBXFileSystemSynchronizedBuildFileExceptionSet section */
		1830149C2CC8AF280014469C /* Exceptions for "iOS Sample" folder in "iOS Sample" target */ = {
			isa = PBXFileSystemSynchronizedBuildFileExceptionSet;
			membershipExceptions = (
				Classes/LocalAudioPlayer/View/AudioPlayerWidgetView.swift,
				Info.plist,
			);
			target = 183014892CC8AF270014469C /* iOS Sample */;
		};
/* End PBXFileSystemSynchronizedBuildFileExceptionSet section */

/* Begin PBXFileSystemSynchronizedRootGroup section */
		1830148C2CC8AF270014469C /* iOS Sample */ = {
			isa = PBXFileSystemSynchronizedRootGroup;
			exceptions = (
				1830149C2CC8AF280014469C /* Exceptions for "iOS Sample" folder in "iOS Sample" target */,
			);
			path = "iOS Sample";
			sourceTree = "<group>";
		};
/* End PBXFileSystemSynchronizedRootGroup section */

/* Begin PBXFrameworksBuildPhase section */
		183014872CC8AF270014469C /* Frameworks */ = {
			isa = PBXFrameworksBuildPhase;
			buildActionMask = 2147483647;
			files = (
				18D74EE02CDC906800940448 /* AVFoundation.framework in Frameworks */,
				18D74EDE2CDC906100940448 /* AVFAudio.framework in Frameworks */,
				18D74D6D2CD9B99200940448 /* SnapKit in Frameworks */,
				18CAF4292CD36C1600DF5A93 /* Lottie in Frameworks */,
				18D74DB02CD9BCE600940448 /* MBProgressHUD in Frameworks */,
				182E99642CD8E5BF005B7AF9 /* OOGMediaPlayer.framework in Frameworks */,
				18D74DB82CD9C14800940448 /* SDWebImageMapKit in Frameworks */,
				18D74DB62CD9C14800940448 /* SDWebImage in Frameworks */,
			);
			runOnlyForDeploymentPostprocessing = 0;
		};
/* End PBXFrameworksBuildPhase section */

/* Begin PBXGroup section */
		183014812CC8AF270014469C = {
			isa = PBXGroup;
			children = (
				1830148C2CC8AF270014469C /* iOS Sample */,
				183014A22CC8AF6E0014469C /* Frameworks */,
				1830148B2CC8AF270014469C /* Products */,
			);
			sourceTree = "<group>";
		};
		1830148B2CC8AF270014469C /* Products */ = {
			isa = PBXGroup;
			children = (
				1830148A2CC8AF270014469C /* iOS Sample.app */,
			);
			name = Products;
			sourceTree = "<group>";
		};
		183014A22CC8AF6E0014469C /* Frameworks */ = {
			isa = PBXGroup;
			children = (
				18D74EDF2CDC906800940448 /* AVFoundation.framework */,
				18D74EDD2CDC906100940448 /* AVFAudio.framework */,
				182E99622CD8E5A4005B7AF9 /* OOGMediaPlayer.framework */,
			);
			name = Frameworks;
			sourceTree = "<group>";
		};
/* End PBXGroup section */

/* Begin PBXNativeTarget section */
		183014892CC8AF270014469C /* iOS Sample */ = {
			isa = PBXNativeTarget;
			buildConfigurationList = 1830149D2CC8AF280014469C /* Build configuration list for PBXNativeTarget "iOS Sample" */;
			buildPhases = (
				183014862CC8AF270014469C /* Sources */,
				183014872CC8AF270014469C /* Frameworks */,
				183014882CC8AF270014469C /* Resources */,
				182E99662CD8E5C0005B7AF9 /* Embed Frameworks */,
			);
			buildRules = (
			);
			dependencies = (
			);
			fileSystemSynchronizedGroups = (
				1830148C2CC8AF270014469C /* iOS Sample */,
			);
			name = "iOS Sample";
			packageProductDependencies = (
				18601E632CD0E9BE003BE37D /* SnapKit */,
				18601E652CD0E9BE003BE37D /* SnapKit-Dynamic */,
				18CAF4282CD36C1600DF5A93 /* Lottie */,
				18D74DAF2CD9BCE600940448 /* MBProgressHUD */,
				18D74DB52CD9C14800940448 /* SDWebImage */,
				18D74DB72CD9C14800940448 /* SDWebImageMapKit */,
			);
			productName = "iOS Sample";
			productReference = 1830148A2CC8AF270014469C /* iOS Sample.app */;
			productType = "com.apple.product-type.application";
		};
/* End PBXNativeTarget section */

/* Begin PBXProject section */
		183014822CC8AF270014469C /* Project object */ = {
			isa = PBXProject;
			attributes = {
				BuildIndependentTargetsInParallel = 1;
				LastSwiftUpdateCheck = 1600;
				LastUpgradeCheck = 1600;
				TargetAttributes = {
					183014892CC8AF270014469C = {
						CreatedOnToolsVersion = 16.0;
					};
				};
			};
			buildConfigurationList = 183014852CC8AF270014469C /* Build configuration list for PBXProject "iOS Sample" */;
			developmentRegion = en;
			hasScannedForEncodings = 0;
			knownRegions = (
				en,
				Base,
			);
			mainGroup = 183014812CC8AF270014469C;
			minimizedProjectReferenceProxies = 1;
			packageReferences = (
				18601E622CD0E9BE003BE37D /* XCRemoteSwiftPackageReference "SnapKit" */,
				18CAF4272CD36C1600DF5A93 /* XCRemoteSwiftPackageReference "lottie-ios" */,
				18D74DAE2CD9BCE600940448 /* XCRemoteSwiftPackageReference "MBProgressHUD" */,
				18D74DB42CD9C14800940448 /* XCRemoteSwiftPackageReference "SDWebImage" */,
			);
			preferredProjectObjectVersion = 77;
			productRefGroup = 1830148B2CC8AF270014469C /* Products */;
			projectDirPath = "";
			projectRoot = "";
			targets = (
				183014892CC8AF270014469C /* iOS Sample */,
			);
		};
/* End PBXProject section */

/* Begin PBXResourcesBuildPhase section */
		183014882CC8AF270014469C /* Resources */ = {
			isa = PBXResourcesBuildPhase;
			buildActionMask = 2147483647;
			files = (
			);
			runOnlyForDeploymentPostprocessing = 0;
		};
/* End PBXResourcesBuildPhase section */

/* Begin PBXSourcesBuildPhase section */
		183014862CC8AF270014469C /* Sources */ = {
			isa = PBXSourcesBuildPhase;
			buildActionMask = 2147483647;
			files = (
			);
			runOnlyForDeploymentPostprocessing = 0;
		};
/* End PBXSourcesBuildPhase section */

/* Begin XCBuildConfiguration section */
		1830149E2CC8AF280014469C /* Debug */ = {
			isa = XCBuildConfiguration;
			buildSettings = {
				ASSETCATALOG_COMPILER_APPICON_NAME = AppIcon;
				ASSETCATALOG_COMPILER_GLOBAL_ACCENT_COLOR_NAME = AccentColor;
				BUILD_LIBRARY_FOR_DISTRIBUTION = NO;
				CODE_SIGN_STYLE = Automatic;
				CURRENT_PROJECT_VERSION = 1;
				DEVELOPMENT_TEAM = VKNN3256C4;
				GENERATE_INFOPLIST_FILE = YES;
				INFOPLIST_FILE = "iOS Sample/Info.plist";
				INFOPLIST_KEY_CFBundleDisplayName = "BGM Sample";
				INFOPLIST_KEY_UIApplicationSupportsIndirectInputEvents = YES;
				INFOPLIST_KEY_UILaunchStoryboardName = LaunchScreen;
				INFOPLIST_KEY_UIMainStoryboardFile = Main;
				INFOPLIST_KEY_UISupportedInterfaceOrientations_iPad = "UIInterfaceOrientationPortrait UIInterfaceOrientationPortraitUpsideDown UIInterfaceOrientationLandscapeLeft UIInterfaceOrientationLandscapeRight";
				INFOPLIST_KEY_UISupportedInterfaceOrientations_iPhone = "UIInterfaceOrientationPortrait UIInterfaceOrientationLandscapeLeft UIInterfaceOrientationLandscapeRight";
				IPHONEOS_DEPLOYMENT_TARGET = 15.0;
				LD_RUNPATH_SEARCH_PATHS = (
					"$(inherited)",
					"@executable_path/Frameworks",
				);
				MARKETING_VERSION = 1.0;
				PRODUCT_BUNDLE_IDENTIFIER = "com.4m.mediaPlayer.iOS-Sample";
				PRODUCT_NAME = "$(TARGET_NAME)";
				SUPPORTED_PLATFORMS = "iphoneos iphonesimulator";
				SUPPORTS_MACCATALYST = NO;
				SUPPORTS_MAC_DESIGNED_FOR_IPHONE_IPAD = NO;
				SUPPORTS_XR_DESIGNED_FOR_IPHONE_IPAD = NO;
				SWIFT_EMIT_LOC_STRINGS = YES;
				SWIFT_VERSION = 5.0;
				TARGETED_DEVICE_FAMILY = "1,2";
			};
			name = Debug;
		};
		1830149F2CC8AF280014469C /* Release */ = {
			isa = XCBuildConfiguration;
			buildSettings = {
				ASSETCATALOG_COMPILER_APPICON_NAME = AppIcon;
				ASSETCATALOG_COMPILER_GLOBAL_ACCENT_COLOR_NAME = AccentColor;
				BUILD_LIBRARY_FOR_DISTRIBUTION = NO;
				CODE_SIGN_STYLE = Automatic;
				CURRENT_PROJECT_VERSION = 1;
				DEVELOPMENT_TEAM = VKNN3256C4;
				GENERATE_INFOPLIST_FILE = YES;
				INFOPLIST_FILE = "iOS Sample/Info.plist";
				INFOPLIST_KEY_CFBundleDisplayName = "BGM Sample";
				INFOPLIST_KEY_UIApplicationSupportsIndirectInputEvents = YES;
				INFOPLIST_KEY_UILaunchStoryboardName = LaunchScreen;
				INFOPLIST_KEY_UIMainStoryboardFile = Main;
				INFOPLIST_KEY_UISupportedInterfaceOrientations_iPad = "UIInterfaceOrientationPortrait UIInterfaceOrientationPortraitUpsideDown UIInterfaceOrientationLandscapeLeft UIInterfaceOrientationLandscapeRight";
				INFOPLIST_KEY_UISupportedInterfaceOrientations_iPhone = "UIInterfaceOrientationPortrait UIInterfaceOrientationLandscapeLeft UIInterfaceOrientationLandscapeRight";
				IPHONEOS_DEPLOYMENT_TARGET = 15.0;
				LD_RUNPATH_SEARCH_PATHS = (
					"$(inherited)",
					"@executable_path/Frameworks",
				);
				MARKETING_VERSION = 1.0;
				PRODUCT_BUNDLE_IDENTIFIER = "com.4m.mediaPlayer.iOS-Sample";
				PRODUCT_NAME = "$(TARGET_NAME)";
				SUPPORTED_PLATFORMS = "iphoneos iphonesimulator";
				SUPPORTS_MACCATALYST = NO;
				SUPPORTS_MAC_DESIGNED_FOR_IPHONE_IPAD = NO;
				SUPPORTS_XR_DESIGNED_FOR_IPHONE_IPAD = NO;
				SWIFT_EMIT_LOC_STRINGS = YES;
				SWIFT_VERSION = 5.0;
				TARGETED_DEVICE_FAMILY = "1,2";
			};
			name = Release;
		};
		183014A02CC8AF280014469C /* Debug */ = {
			isa = XCBuildConfiguration;
			buildSettings = {
				ALWAYS_SEARCH_USER_PATHS = NO;
				ASSETCATALOG_COMPILER_GENERATE_SWIFT_ASSET_SYMBOL_EXTENSIONS = YES;
				CLANG_ANALYZER_NONNULL = YES;
				CLANG_ANALYZER_NUMBER_OBJECT_CONVERSION = YES_AGGRESSIVE;
				CLANG_CXX_LANGUAGE_STANDARD = "gnu++20";
				CLANG_ENABLE_MODULES = YES;
				CLANG_ENABLE_OBJC_ARC = YES;
				CLANG_ENABLE_OBJC_WEAK = YES;
				CLANG_WARN_BLOCK_CAPTURE_AUTORELEASING = YES;
				CLANG_WARN_BOOL_CONVERSION = YES;
				CLANG_WARN_COMMA = YES;
				CLANG_WARN_CONSTANT_CONVERSION = YES;
				CLANG_WARN_DEPRECATED_OBJC_IMPLEMENTATIONS = YES;
				CLANG_WARN_DIRECT_OBJC_ISA_USAGE = YES_ERROR;
				CLANG_WARN_DOCUMENTATION_COMMENTS = YES;
				CLANG_WARN_EMPTY_BODY = YES;
				CLANG_WARN_ENUM_CONVERSION = YES;
				CLANG_WARN_INFINITE_RECURSION = YES;
				CLANG_WARN_INT_CONVERSION = YES;
				CLANG_WARN_NON_LITERAL_NULL_CONVERSION = YES;
				CLANG_WARN_OBJC_IMPLICIT_RETAIN_SELF = YES;
				CLANG_WARN_OBJC_LITERAL_CONVERSION = YES;
				CLANG_WARN_OBJC_ROOT_CLASS = YES_ERROR;
				CLANG_WARN_QUOTED_INCLUDE_IN_FRAMEWORK_HEADER = YES;
				CLANG_WARN_RANGE_LOOP_ANALYSIS = YES;
				CLANG_WARN_STRICT_PROTOTYPES = YES;
				CLANG_WARN_SUSPICIOUS_MOVE = YES;
				CLANG_WARN_UNGUARDED_AVAILABILITY = YES_AGGRESSIVE;
				CLANG_WARN_UNREACHABLE_CODE = YES;
				CLANG_WARN__DUPLICATE_METHOD_MATCH = YES;
				COPY_PHASE_STRIP = NO;
				DEBUG_INFORMATION_FORMAT = dwarf;
				ENABLE_STRICT_OBJC_MSGSEND = YES;
				ENABLE_TESTABILITY = YES;
				ENABLE_USER_SCRIPT_SANDBOXING = YES;
				GCC_C_LANGUAGE_STANDARD = gnu17;
				GCC_DYNAMIC_NO_PIC = NO;
				GCC_NO_COMMON_BLOCKS = YES;
				GCC_OPTIMIZATION_LEVEL = 0;
				GCC_PREPROCESSOR_DEFINITIONS = (
					"DEBUG=1",
					"$(inherited)",
				);
				GCC_WARN_64_TO_32_BIT_CONVERSION = YES;
				GCC_WARN_ABOUT_RETURN_TYPE = YES_ERROR;
				GCC_WARN_UNDECLARED_SELECTOR = YES;
				GCC_WARN_UNINITIALIZED_AUTOS = YES_AGGRESSIVE;
				GCC_WARN_UNUSED_FUNCTION = YES;
				GCC_WARN_UNUSED_VARIABLE = YES;
				IPHONEOS_DEPLOYMENT_TARGET = 18.0;
				LOCALIZATION_PREFERS_STRING_CATALOGS = YES;
				MTL_ENABLE_DEBUG_INFO = INCLUDE_SOURCE;
				MTL_FAST_MATH = YES;
				ONLY_ACTIVE_ARCH = YES;
				SDKROOT = iphoneos;
				SWIFT_ACTIVE_COMPILATION_CONDITIONS = "DEBUG $(inherited)";
				SWIFT_OPTIMIZATION_LEVEL = "-Onone";
			};
			name = Debug;
		};
		183014A12CC8AF280014469C /* Release */ = {
			isa = XCBuildConfiguration;
			buildSettings = {
				ALWAYS_SEARCH_USER_PATHS = NO;
				ASSETCATALOG_COMPILER_GENERATE_SWIFT_ASSET_SYMBOL_EXTENSIONS = YES;
				CLANG_ANALYZER_NONNULL = YES;
				CLANG_ANALYZER_NUMBER_OBJECT_CONVERSION = YES_AGGRESSIVE;
				CLANG_CXX_LANGUAGE_STANDARD = "gnu++20";
				CLANG_ENABLE_MODULES = YES;
				CLANG_ENABLE_OBJC_ARC = YES;
				CLANG_ENABLE_OBJC_WEAK = YES;
				CLANG_WARN_BLOCK_CAPTURE_AUTORELEASING = YES;
				CLANG_WARN_BOOL_CONVERSION = YES;
				CLANG_WARN_COMMA = YES;
				CLANG_WARN_CONSTANT_CONVERSION = YES;
				CLANG_WARN_DEPRECATED_OBJC_IMPLEMENTATIONS = YES;
				CLANG_WARN_DIRECT_OBJC_ISA_USAGE = YES_ERROR;
				CLANG_WARN_DOCUMENTATION_COMMENTS = YES;
				CLANG_WARN_EMPTY_BODY = YES;
				CLANG_WARN_ENUM_CONVERSION = YES;
				CLANG_WARN_INFINITE_RECURSION = YES;
				CLANG_WARN_INT_CONVERSION = YES;
				CLANG_WARN_NON_LITERAL_NULL_CONVERSION = YES;
				CLANG_WARN_OBJC_IMPLICIT_RETAIN_SELF = YES;
				CLANG_WARN_OBJC_LITERAL_CONVERSION = YES;
				CLANG_WARN_OBJC_ROOT_CLASS = YES_ERROR;
				CLANG_WARN_QUOTED_INCLUDE_IN_FRAMEWORK_HEADER = YES;
				CLANG_WARN_RANGE_LOOP_ANALYSIS = YES;
				CLANG_WARN_STRICT_PROTOTYPES = YES;
				CLANG_WARN_SUSPICIOUS_MOVE = YES;
				CLANG_WARN_UNGUARDED_AVAILABILITY = YES_AGGRESSIVE;
				CLANG_WARN_UNREACHABLE_CODE = YES;
				CLANG_WARN__DUPLICATE_METHOD_MATCH = YES;
				COPY_PHASE_STRIP = NO;
				DEBUG_INFORMATION_FORMAT = "dwarf-with-dsym";
				ENABLE_NS_ASSERTIONS = NO;
				ENABLE_STRICT_OBJC_MSGSEND = YES;
				ENABLE_USER_SCRIPT_SANDBOXING = YES;
				GCC_C_LANGUAGE_STANDARD = gnu17;
				GCC_NO_COMMON_BLOCKS = YES;
				GCC_WARN_64_TO_32_BIT_CONVERSION = YES;
				GCC_WARN_ABOUT_RETURN_TYPE = YES_ERROR;
				GCC_WARN_UNDECLARED_SELECTOR = YES;
				GCC_WARN_UNINITIALIZED_AUTOS = YES_AGGRESSIVE;
				GCC_WARN_UNUSED_FUNCTION = YES;
				GCC_WARN_UNUSED_VARIABLE = YES;
				IPHONEOS_DEPLOYMENT_TARGET = 18.0;
				LOCALIZATION_PREFERS_STRING_CATALOGS = YES;
				MTL_ENABLE_DEBUG_INFO = NO;
				MTL_FAST_MATH = YES;
				SDKROOT = iphoneos;
				SWIFT_COMPILATION_MODE = wholemodule;
				VALIDATE_PRODUCT = YES;
			};
			name = Release;
		};
/* End XCBuildConfiguration section */

/* Begin XCConfigurationList section */
		183014852CC8AF270014469C /* Build configuration list for PBXProject "iOS Sample" */ = {
			isa = XCConfigurationList;
			buildConfigurations = (
				183014A02CC8AF280014469C /* Debug */,
				183014A12CC8AF280014469C /* Release */,
			);
			defaultConfigurationIsVisible = 0;
			defaultConfigurationName = Release;
		};
		1830149D2CC8AF280014469C /* Build configuration list for PBXNativeTarget "iOS Sample" */ = {
			isa = XCConfigurationList;
			buildConfigurations = (
				1830149E2CC8AF280014469C /* Debug */,
				1830149F2CC8AF280014469C /* Release */,
			);
			defaultConfigurationIsVisible = 0;
			defaultConfigurationName = Release;
		};
/* End XCConfigurationList section */

/* Begin XCRemoteSwiftPackageReference section */
		18601E622CD0E9BE003BE37D /* XCRemoteSwiftPackageReference "SnapKit" */ = {
			isa = XCRemoteSwiftPackageReference;
			repositoryURL = "https://github.com/SnapKit/SnapKit.git";
			requirement = {
				kind = upToNextMajorVersion;
				minimumVersion = 5.0.1;
			};
		};
		18CAF4272CD36C1600DF5A93 /* XCRemoteSwiftPackageReference "lottie-ios" */ = {
			isa = XCRemoteSwiftPackageReference;
			repositoryURL = "https://github.com/airbnb/lottie-ios";
			requirement = {
				kind = upToNextMajorVersion;
				minimumVersion = 4.5.0;
			};
		};
		18D74DAE2CD9BCE600940448 /* XCRemoteSwiftPackageReference "MBProgressHUD" */ = {
			isa = XCRemoteSwiftPackageReference;
			repositoryURL = "https://github.com/jdg/MBProgressHUD";
			requirement = {
				kind = upToNextMajorVersion;
				minimumVersion = 1.2.0;
			};
		};
		18D74DB42CD9C14800940448 /* XCRemoteSwiftPackageReference "SDWebImage" */ = {
			isa = XCRemoteSwiftPackageReference;
			repositoryURL = "https://github.com/SDWebImage/SDWebImage";
			requirement = {
				kind = upToNextMajorVersion;
				minimumVersion = 5.20.0;
			};
		};
/* End XCRemoteSwiftPackageReference section */

/* Begin XCSwiftPackageProductDependency section */
		18601E632CD0E9BE003BE37D /* SnapKit */ = {
			isa = XCSwiftPackageProductDependency;
			package = 18601E622CD0E9BE003BE37D /* XCRemoteSwiftPackageReference "SnapKit" */;
			productName = SnapKit;
		};
		18601E652CD0E9BE003BE37D /* SnapKit-Dynamic */ = {
			isa = XCSwiftPackageProductDependency;
			package = 18601E622CD0E9BE003BE37D /* XCRemoteSwiftPackageReference "SnapKit" */;
			productName = "SnapKit-Dynamic";
		};
		18CAF4282CD36C1600DF5A93 /* Lottie */ = {
			isa = XCSwiftPackageProductDependency;
			package = 18CAF4272CD36C1600DF5A93 /* XCRemoteSwiftPackageReference "lottie-ios" */;
			productName = Lottie;
		};
		18D74DAF2CD9BCE600940448 /* MBProgressHUD */ = {
			isa = XCSwiftPackageProductDependency;
			package = 18D74DAE2CD9BCE600940448 /* XCRemoteSwiftPackageReference "MBProgressHUD" */;
			productName = MBProgressHUD;
		};
		18D74DB52CD9C14800940448 /* SDWebImage */ = {
			isa = XCSwiftPackageProductDependency;
			package = 18D74DB42CD9C14800940448 /* XCRemoteSwiftPackageReference "SDWebImage" */;
			productName = SDWebImage;
		};
		18D74DB72CD9C14800940448 /* SDWebImageMapKit */ = {
			isa = XCSwiftPackageProductDependency;
			package = 18D74DB42CD9C14800940448 /* XCRemoteSwiftPackageReference "SDWebImage" */;
			productName = SDWebImageMapKit;
		};
/* End XCSwiftPackageProductDependency section */
	};
	rootObject = 183014822CC8AF270014469C /* Project object */;
}
